// !$*UTF8*$!
{
	archiveVersion = 1;
	classes = {
	};
	objectVersion = 48;
	objects = {

/* Begin PBXBuildFile section */
		801ABFBC1FCD6F4000441769 /* AppDelegate.swift in Sources */ = {isa = PBXBuildFile; fileRef = 801ABFBB1FCD6F4000441769 /* AppDelegate.swift */; };
		801ABFBE1FCD6F4000441769 /* AnagramSearchViewController.swift in Sources */ = {isa = PBXBuildFile; fileRef = 801ABFBD1FCD6F4000441769 /* AnagramSearchViewController.swift */; };
		801ABFC31FCD6F4000441769 /* Assets.xcassets in Resources */ = {isa = PBXBuildFile; fileRef = 801ABFC21FCD6F4000441769 /* Assets.xcassets */; };
		801ABFC61FCD6F4000441769 /* LaunchScreen.storyboard in Resources */ = {isa = PBXBuildFile; fileRef = 801ABFC41FCD6F4000441769 /* LaunchScreen.storyboard */; };
		801ABFD31FCD70B600441769 /* StyleConstants.swift in Sources */ = {isa = PBXBuildFile; fileRef = 801ABFD21FCD70B600441769 /* StyleConstants.swift */; };
		801ABFD51FCD70FB00441769 /* NavigationController.swift in Sources */ = {isa = PBXBuildFile; fileRef = 801ABFD41FCD70FB00441769 /* NavigationController.swift */; };
		80B7DFCB1FCD732C003B6E56 /* String+FirstUpperCased.swift in Sources */ = {isa = PBXBuildFile; fileRef = 80B7DFCA1FCD732C003B6E56 /* String+FirstUpperCased.swift */; };
		80B7DFCD1FCD7377003B6E56 /* AnagramCheckViewModel.swift in Sources */ = {isa = PBXBuildFile; fileRef = 80B7DFCC1FCD7377003B6E56 /* AnagramCheckViewModel.swift */; };
		80B7DFCF1FCD73FA003B6E56 /* AnagramSearchHistoryViewModel.swift in Sources */ = {isa = PBXBuildFile; fileRef = 80B7DFCE1FCD73FA003B6E56 /* AnagramSearchHistoryViewModel.swift */; };
		80B7DFD11FCD744D003B6E56 /* NormalButton.swift in Sources */ = {isa = PBXBuildFile; fileRef = 80B7DFD01FCD744D003B6E56 /* NormalButton.swift */; };
		80B7DFD31FCD745A003B6E56 /* NormalTextField.swift in Sources */ = {isa = PBXBuildFile; fileRef = 80B7DFD21FCD745A003B6E56 /* NormalTextField.swift */; };
		80B7DFD61FCD74DE003B6E56 /* ResultHeaderLabel.swift in Sources */ = {isa = PBXBuildFile; fileRef = 80B7DFD51FCD74DE003B6E56 /* ResultHeaderLabel.swift */; };
		80B7DFD81FCD74F9003B6E56 /* AnagramSearchInputView.swift in Sources */ = {isa = PBXBuildFile; fileRef = 80B7DFD71FCD74F9003B6E56 /* AnagramSearchInputView.swift */; };
		80B7DFDA1FCD756F003B6E56 /* AnagramSearchResultView.swift in Sources */ = {isa = PBXBuildFile; fileRef = 80B7DFD91FCD756F003B6E56 /* AnagramSearchResultView.swift */; };
		80B7DFDC1FCD79CE003B6E56 /* AnagramSearchHistoryViewController.swift in Sources */ = {isa = PBXBuildFile; fileRef = 80B7DFDB1FCD79CE003B6E56 /* AnagramSearchHistoryViewController.swift */; };
		80D76FFE1FCD7BEB00B6E8A8 /* AnagramCheckViewController.swift in Sources */ = {isa = PBXBuildFile; fileRef = 80D76FFD1FCD7BEB00B6E8A8 /* AnagramCheckViewController.swift */; };
		80D770001FCD8C8400B6E8A8 /* AnagramSearchView.swift in Sources */ = {isa = PBXBuildFile; fileRef = 80D76FFF1FCD8C8400B6E8A8 /* AnagramSearchView.swift */; };
		80D770021FCD93AE00B6E8A8 /* AnagramCheckView.swift in Sources */ = {isa = PBXBuildFile; fileRef = 80D770011FCD93AE00B6E8A8 /* AnagramCheckView.swift */; };
		80E447851FCD71DD00BC1C68 /* AnagramSearchViewModel.swift in Sources */ = {isa = PBXBuildFile; fileRef = 80E447841FCD71DD00BC1C68 /* AnagramSearchViewModel.swift */; };
/* End PBXBuildFile section */

/* Begin PBXFileReference section */
		801ABFB81FCD6F4000441769 /* anagram-challenge-ios.app */ = {isa = PBXFileReference; explicitFileType = wrapper.application; includeInIndex = 0; path = "anagram-challenge-ios.app"; sourceTree = BUILT_PRODUCTS_DIR; };
		801ABFBB1FCD6F4000441769 /* AppDelegate.swift */ = {isa = PBXFileReference; lastKnownFileType = sourcecode.swift; path = AppDelegate.swift; sourceTree = "<group>"; };
		801ABFBD1FCD6F4000441769 /* AnagramSearchViewController.swift */ = {isa = PBXFileReference; lastKnownFileType = sourcecode.swift; path = AnagramSearchViewController.swift; sourceTree = "<group>"; };
		801ABFC21FCD6F4000441769 /* Assets.xcassets */ = {isa = PBXFileReference; lastKnownFileType = folder.assetcatalog; path = Assets.xcassets; sourceTree = "<group>"; };
		801ABFC51FCD6F4000441769 /* Base */ = {isa = PBXFileReference; lastKnownFileType = file.storyboard; name = Base; path = Base.lproj/LaunchScreen.storyboard; sourceTree = "<group>"; };
		801ABFC71FCD6F4000441769 /* Info.plist */ = {isa = PBXFileReference; lastKnownFileType = text.plist.xml; path = Info.plist; sourceTree = "<group>"; };
		801ABFD21FCD70B600441769 /* StyleConstants.swift */ = {isa = PBXFileReference; lastKnownFileType = sourcecode.swift; path = StyleConstants.swift; sourceTree = "<group>"; };
		801ABFD41FCD70FB00441769 /* NavigationController.swift */ = {isa = PBXFileReference; lastKnownFileType = sourcecode.swift; path = NavigationController.swift; sourceTree = "<group>"; };
		80B7DFCA1FCD732C003B6E56 /* String+FirstUpperCased.swift */ = {isa = PBXFileReference; lastKnownFileType = sourcecode.swift; path = "String+FirstUpperCased.swift"; sourceTree = "<group>"; };
		80B7DFCC1FCD7377003B6E56 /* AnagramCheckViewModel.swift */ = {isa = PBXFileReference; lastKnownFileType = sourcecode.swift; path = AnagramCheckViewModel.swift; sourceTree = "<group>"; };
		80B7DFCE1FCD73FA003B6E56 /* AnagramSearchHistoryViewModel.swift */ = {isa = PBXFileReference; lastKnownFileType = sourcecode.swift; path = AnagramSearchHistoryViewModel.swift; sourceTree = "<group>"; };
		80B7DFD01FCD744D003B6E56 /* NormalButton.swift */ = {isa = PBXFileReference; lastKnownFileType = sourcecode.swift; path = NormalButton.swift; sourceTree = "<group>"; };
		80B7DFD21FCD745A003B6E56 /* NormalTextField.swift */ = {isa = PBXFileReference; lastKnownFileType = sourcecode.swift; path = NormalTextField.swift; sourceTree = "<group>"; };
		80B7DFD51FCD74DE003B6E56 /* ResultHeaderLabel.swift */ = {isa = PBXFileReference; lastKnownFileType = sourcecode.swift; path = ResultHeaderLabel.swift; sourceTree = "<group>"; };
		80B7DFD71FCD74F9003B6E56 /* AnagramSearchInputView.swift */ = {isa = PBXFileReference; lastKnownFileType = sourcecode.swift; path = AnagramSearchInputView.swift; sourceTree = "<group>"; };
		80B7DFD91FCD756F003B6E56 /* AnagramSearchResultView.swift */ = {isa = PBXFileReference; lastKnownFileType = sourcecode.swift; path = AnagramSearchResultView.swift; sourceTree = "<group>"; };
		80B7DFDB1FCD79CE003B6E56 /* AnagramSearchHistoryViewController.swift */ = {isa = PBXFileReference; lastKnownFileType = sourcecode.swift; path = AnagramSearchHistoryViewController.swift; sourceTree = "<group>"; };
		80D76FFD1FCD7BEB00B6E8A8 /* AnagramCheckViewController.swift */ = {isa = PBXFileReference; lastKnownFileType = sourcecode.swift; path = AnagramCheckViewController.swift; sourceTree = "<group>"; };
		80D76FFF1FCD8C8400B6E8A8 /* AnagramSearchView.swift */ = {isa = PBXFileReference; lastKnownFileType = sourcecode.swift; path = AnagramSearchView.swift; sourceTree = "<group>"; };
		80D770011FCD93AE00B6E8A8 /* AnagramCheckView.swift */ = {isa = PBXFileReference; lastKnownFileType = sourcecode.swift; path = AnagramCheckView.swift; sourceTree = "<group>"; };
		80E447841FCD71DD00BC1C68 /* AnagramSearchViewModel.swift */ = {isa = PBXFileReference; lastKnownFileType = sourcecode.swift; path = AnagramSearchViewModel.swift; sourceTree = "<group>"; };
/* End PBXFileReference section */

/* Begin PBXFrameworksBuildPhase section */
		801ABFB51FCD6F4000441769 /* Frameworks */ = {
			isa = PBXFrameworksBuildPhase;
			buildActionMask = 2147483647;
			files = (
			);
			runOnlyForDeploymentPostprocessing = 0;
		};
/* End PBXFrameworksBuildPhase section */

/* Begin PBXGroup section */
		801ABFAF1FCD6F4000441769 = {
			isa = PBXGroup;
			children = (
				801ABFBA1FCD6F4000441769 /* anagram-challenge-ios */,
				801ABFB91FCD6F4000441769 /* Products */,
			);
			sourceTree = "<group>";
		};
		801ABFB91FCD6F4000441769 /* Products */ = {
			isa = PBXGroup;
			children = (
				801ABFB81FCD6F4000441769 /* anagram-challenge-ios.app */,
			);
			name = Products;
			sourceTree = "<group>";
		};
		801ABFBA1FCD6F4000441769 /* anagram-challenge-ios */ = {
			isa = PBXGroup;
			children = (
				801ABFC71FCD6F4000441769 /* Info.plist */,
				801ABFC41FCD6F4000441769 /* LaunchScreen.storyboard */,
				801ABFBB1FCD6F4000441769 /* AppDelegate.swift */,
				801ABFC21FCD6F4000441769 /* Assets.xcassets */,
				801ABFCE1FCD6FC600441769 /* Categories */,
				801ABFCD1FCD6FC100441769 /* Helpers */,
				801ABFCF1FCD6FCB00441769 /* ViewControllers */,
				801ABFD01FCD6FD200441769 /* ViewModels */,
				801ABFD11FCD6FDF00441769 /* Views */,
			);
			path = "anagram-challenge-ios";
			sourceTree = "<group>";
		};
		801ABFCD1FCD6FC100441769 /* Helpers */ = {
			isa = PBXGroup;
			children = (
				801ABFD21FCD70B600441769 /* StyleConstants.swift */,
			);
			path = Helpers;
			sourceTree = "<group>";
		};
		801ABFCE1FCD6FC600441769 /* Categories */ = {
			isa = PBXGroup;
			children = (
				80B7DFCA1FCD732C003B6E56 /* String+FirstUpperCased.swift */,
			);
			path = Categories;
			sourceTree = "<group>";
		};
		801ABFCF1FCD6FCB00441769 /* ViewControllers */ = {
			isa = PBXGroup;
			children = (
				80D76FFD1FCD7BEB00B6E8A8 /* AnagramCheckViewController.swift */,
				801ABFBD1FCD6F4000441769 /* AnagramSearchViewController.swift */,
				80B7DFDB1FCD79CE003B6E56 /* AnagramSearchHistoryViewController.swift */,
				801ABFD41FCD70FB00441769 /* NavigationController.swift */,
			);
			path = ViewControllers;
			sourceTree = "<group>";
		};
		801ABFD01FCD6FD200441769 /* ViewModels */ = {
			isa = PBXGroup;
			children = (
				80B7DFCC1FCD7377003B6E56 /* AnagramCheckViewModel.swift */,
				80E447841FCD71DD00BC1C68 /* AnagramSearchViewModel.swift */,
				80B7DFCE1FCD73FA003B6E56 /* AnagramSearchHistoryViewModel.swift */,
			);
			path = ViewModels;
			sourceTree = "<group>";
		};
		801ABFD11FCD6FDF00441769 /* Views */ = {
			isa = PBXGroup;
			children = (
				80B7DFD41FCD74AF003B6E56 /* AnagramSearch */,
				80B7DFD01FCD744D003B6E56 /* NormalButton.swift */,
				80B7DFD21FCD745A003B6E56 /* NormalTextField.swift */,
				80D770011FCD93AE00B6E8A8 /* AnagramCheckView.swift */,
			);
			path = Views;
			sourceTree = "<group>";
		};
		80B7DFD41FCD74AF003B6E56 /* AnagramSearch */ = {
			isa = PBXGroup;
			children = (
				80D76FFF1FCD8C8400B6E8A8 /* AnagramSearchView.swift */,
				80B7DFD71FCD74F9003B6E56 /* AnagramSearchInputView.swift */,
				80B7DFD91FCD756F003B6E56 /* AnagramSearchResultView.swift */,
				80B7DFD51FCD74DE003B6E56 /* ResultHeaderLabel.swift */,
			);
			path = AnagramSearch;
			sourceTree = "<group>";
		};
/* End PBXGroup section */

/* Begin PBXNativeTarget section */
		801ABFB71FCD6F4000441769 /* anagram-challenge-ios */ = {
			isa = PBXNativeTarget;
			buildConfigurationList = 801ABFCA1FCD6F4000441769 /* Build configuration list for PBXNativeTarget "anagram-challenge-ios" */;
			buildPhases = (
				801ABFB41FCD6F4000441769 /* Sources */,
				801ABFB51FCD6F4000441769 /* Frameworks */,
				801ABFB61FCD6F4000441769 /* Resources */,
			);
			buildRules = (
			);
			dependencies = (
			);
			name = "anagram-challenge-ios";
			productName = "anagram-challenge-ios";
			productReference = 801ABFB81FCD6F4000441769 /* anagram-challenge-ios.app */;
			productType = "com.apple.product-type.application";
		};
/* End PBXNativeTarget section */

/* Begin PBXProject section */
		801ABFB01FCD6F4000441769 /* Project object */ = {
			isa = PBXProject;
			attributes = {
				LastSwiftUpdateCheck = 0900;
				LastUpgradeCheck = 0900;
				ORGANIZATIONNAME = "Markus Wind";
				TargetAttributes = {
					801ABFB71FCD6F4000441769 = {
						CreatedOnToolsVersion = 9.0.1;
						ProvisioningStyle = Automatic;
					};
				};
			};
			buildConfigurationList = 801ABFB31FCD6F4000441769 /* Build configuration list for PBXProject "anagram-challenge-ios" */;
			compatibilityVersion = "Xcode 8.0";
			developmentRegion = en;
			hasScannedForEncodings = 0;
			knownRegions = (
				en,
				Base,
			);
			mainGroup = 801ABFAF1FCD6F4000441769;
			productRefGroup = 801ABFB91FCD6F4000441769 /* Products */;
			projectDirPath = "";
			projectRoot = "";
			targets = (
				801ABFB71FCD6F4000441769 /* anagram-challenge-ios */,
			);
		};
/* End PBXProject section */

/* Begin PBXResourcesBuildPhase section */
		801ABFB61FCD6F4000441769 /* Resources */ = {
			isa = PBXResourcesBuildPhase;
			buildActionMask = 2147483647;
			files = (
				801ABFC61FCD6F4000441769 /* LaunchScreen.storyboard in Resources */,
				801ABFC31FCD6F4000441769 /* Assets.xcassets in Resources */,
			);
			runOnlyForDeploymentPostprocessing = 0;
		};
/* End PBXResourcesBuildPhase section */

/* Begin PBXSourcesBuildPhase section */
		801ABFB41FCD6F4000441769 /* Sources */ = {
			isa = PBXSourcesBuildPhase;
			buildActionMask = 2147483647;
			files = (
				80B7DFD61FCD74DE003B6E56 /* ResultHeaderLabel.swift in Sources */,
				80B7DFD31FCD745A003B6E56 /* NormalTextField.swift in Sources */,
				80D770021FCD93AE00B6E8A8 /* AnagramCheckView.swift in Sources */,
				80E447851FCD71DD00BC1C68 /* AnagramSearchViewModel.swift in Sources */,
				80B7DFDC1FCD79CE003B6E56 /* AnagramSearchHistoryViewController.swift in Sources */,
				80B7DFD81FCD74F9003B6E56 /* AnagramSearchInputView.swift in Sources */,
				80B7DFCF1FCD73FA003B6E56 /* AnagramSearchHistoryViewModel.swift in Sources */,
				801ABFBE1FCD6F4000441769 /* AnagramSearchViewController.swift in Sources */,
				80D76FFE1FCD7BEB00B6E8A8 /* AnagramCheckViewController.swift in Sources */,
				80B7DFCD1FCD7377003B6E56 /* AnagramCheckViewModel.swift in Sources */,
				80B7DFDA1FCD756F003B6E56 /* AnagramSearchResultView.swift in Sources */,
				80D770001FCD8C8400B6E8A8 /* AnagramSearchView.swift in Sources */,
				801ABFD51FCD70FB00441769 /* NavigationController.swift in Sources */,
				801ABFD31FCD70B600441769 /* StyleConstants.swift in Sources */,
				801ABFBC1FCD6F4000441769 /* AppDelegate.swift in Sources */,
				80B7DFCB1FCD732C003B6E56 /* String+FirstUpperCased.swift in Sources */,
				80B7DFD11FCD744D003B6E56 /* NormalButton.swift in Sources */,
			);
			runOnlyForDeploymentPostprocessing = 0;
		};
/* End PBXSourcesBuildPhase section */

/* Begin PBXVariantGroup section */
		801ABFC41FCD6F4000441769 /* LaunchScreen.storyboard */ = {
			isa = PBXVariantGroup;
			children = (
				801ABFC51FCD6F4000441769 /* Base */,
			);
			name = LaunchScreen.storyboard;
			sourceTree = "<group>";
		};
/* End PBXVariantGroup section */

/* Begin XCBuildConfiguration section */
		801ABFC81FCD6F4000441769 /* Debug */ = {
			isa = XCBuildConfiguration;
			buildSettings = {
				ALWAYS_SEARCH_USER_PATHS = NO;
				CLANG_ANALYZER_NONNULL = YES;
				CLANG_ANALYZER_NUMBER_OBJECT_CONVERSION = YES_AGGRESSIVE;
				CLANG_CXX_LANGUAGE_STANDARD = "gnu++14";
				CLANG_CXX_LIBRARY = "libc++";
				CLANG_ENABLE_MODULES = YES;
				CLANG_ENABLE_OBJC_ARC = YES;
				CLANG_WARN_BLOCK_CAPTURE_AUTORELEASING = YES;
				CLANG_WARN_BOOL_CONVERSION = YES;
				CLANG_WARN_COMMA = YES;
				CLANG_WARN_CONSTANT_CONVERSION = YES;
				CLANG_WARN_DIRECT_OBJC_ISA_USAGE = YES_ERROR;
				CLANG_WARN_DOCUMENTATION_COMMENTS = YES;
				CLANG_WARN_EMPTY_BODY = YES;
				CLANG_WARN_ENUM_CONVERSION = YES;
				CLANG_WARN_INFINITE_RECURSION = YES;
				CLANG_WARN_INT_CONVERSION = YES;
				CLANG_WARN_NON_LITERAL_NULL_CONVERSION = YES;
				CLANG_WARN_OBJC_LITERAL_CONVERSION = YES;
				CLANG_WARN_OBJC_ROOT_CLASS = YES_ERROR;
				CLANG_WARN_RANGE_LOOP_ANALYSIS = YES;
				CLANG_WARN_STRICT_PROTOTYPES = YES;
				CLANG_WARN_SUSPICIOUS_MOVE = YES;
				CLANG_WARN_UNGUARDED_AVAILABILITY = YES_AGGRESSIVE;
				CLANG_WARN_UNREACHABLE_CODE = YES;
				CLANG_WARN__DUPLICATE_METHOD_MATCH = YES;
				CODE_SIGN_IDENTITY = "iPhone Developer";
				COPY_PHASE_STRIP = NO;
				DEBUG_INFORMATION_FORMAT = dwarf;
				ENABLE_STRICT_OBJC_MSGSEND = YES;
				ENABLE_TESTABILITY = YES;
				GCC_C_LANGUAGE_STANDARD = gnu11;
				GCC_DYNAMIC_NO_PIC = NO;
				GCC_NO_COMMON_BLOCKS = YES;
				GCC_OPTIMIZATION_LEVEL = 0;
				GCC_PREPROCESSOR_DEFINITIONS = (
					"DEBUG=1",
					"$(inherited)",
				);
				GCC_WARN_64_TO_32_BIT_CONVERSION = YES;
				GCC_WARN_ABOUT_RETURN_TYPE = YES_ERROR;
				GCC_WARN_UNDECLARED_SELECTOR = YES;
				GCC_WARN_UNINITIALIZED_AUTOS = YES_AGGRESSIVE;
				GCC_WARN_UNUSED_FUNCTION = YES;
				GCC_WARN_UNUSED_VARIABLE = YES;
				IPHONEOS_DEPLOYMENT_TARGET = 11.0;
				MTL_ENABLE_DEBUG_INFO = YES;
				ONLY_ACTIVE_ARCH = YES;
				SDKROOT = iphoneos;
				SWIFT_ACTIVE_COMPILATION_CONDITIONS = DEBUG;
				SWIFT_OPTIMIZATION_LEVEL = "-Onone";
			};
			name = Debug;
		};
		801ABFC91FCD6F4000441769 /* Release */ = {
			isa = XCBuildConfiguration;
			buildSettings = {
				ALWAYS_SEARCH_USER_PATHS = NO;
				CLANG_ANALYZER_NONNULL = YES;
				CLANG_ANALYZER_NUMBER_OBJECT_CONVERSION = YES_AGGRESSIVE;
				CLANG_CXX_LANGUAGE_STANDARD = "gnu++14";
				CLANG_CXX_LIBRARY = "libc++";
				CLANG_ENABLE_MODULES = YES;
				CLANG_ENABLE_OBJC_ARC = YES;
				CLANG_WARN_BLOCK_CAPTURE_AUTORELEASING = YES;
				CLANG_WARN_BOOL_CONVERSION = YES;
				CLANG_WARN_COMMA = YES;
				CLANG_WARN_CONSTANT_CONVERSION = YES;
				CLANG_WARN_DIRECT_OBJC_ISA_USAGE = YES_ERROR;
				CLANG_WARN_DOCUMENTATION_COMMENTS = YES;
				CLANG_WARN_EMPTY_BODY = YES;
				CLANG_WARN_ENUM_CONVERSION = YES;
				CLANG_WARN_INFINITE_RECURSION = YES;
				CLANG_WARN_INT_CONVERSION = YES;
				CLANG_WARN_NON_LITERAL_NULL_CONVERSION = YES;
				CLANG_WARN_OBJC_LITERAL_CONVERSION = YES;
				CLANG_WARN_OBJC_ROOT_CLASS = YES_ERROR;
				CLANG_WARN_RANGE_LOOP_ANALYSIS = YES;
				CLANG_WARN_STRICT_PROTOTYPES = YES;
				CLANG_WARN_SUSPICIOUS_MOVE = YES;
				CLANG_WARN_UNGUARDED_AVAILABILITY = YES_AGGRESSIVE;
				CLANG_WARN_UNREACHABLE_CODE = YES;
				CLANG_WARN__DUPLICATE_METHOD_MATCH = YES;
				CODE_SIGN_IDENTITY = "iPhone Developer";
				COPY_PHASE_STRIP = NO;
				DEBUG_INFORMATION_FORMAT = "dwarf-with-dsym";
				ENABLE_NS_ASSERTIONS = NO;
				ENABLE_STRICT_OBJC_MSGSEND = YES;
				GCC_C_LANGUAGE_STANDARD = gnu11;
				GCC_NO_COMMON_BLOCKS = YES;
				GCC_WARN_64_TO_32_BIT_CONVERSION = YES;
				GCC_WARN_ABOUT_RETURN_TYPE = YES_ERROR;
				GCC_WARN_UNDECLARED_SELECTOR = YES;
				GCC_WARN_UNINITIALIZED_AUTOS = YES_AGGRESSIVE;
				GCC_WARN_UNUSED_FUNCTION = YES;
				GCC_WARN_UNUSED_VARIABLE = YES;
				IPHONEOS_DEPLOYMENT_TARGET = 11.0;
				MTL_ENABLE_DEBUG_INFO = NO;
				SDKROOT = iphoneos;
				SWIFT_OPTIMIZATION_LEVEL = "-Owholemodule";
				VALIDATE_PRODUCT = YES;
			};
			name = Release;
		};
		801ABFCB1FCD6F4000441769 /* Debug */ = {
			isa = XCBuildConfiguration;
			buildSettings = {
				ASSETCATALOG_COMPILER_APPICON_NAME = AppIcon;
				CODE_SIGN_STYLE = Automatic;
				INFOPLIST_FILE = "anagram-challenge-ios/Info.plist";
				LD_RUNPATH_SEARCH_PATHS = "$(inherited) @executable_path/Frameworks";
				PRODUCT_BUNDLE_IDENTIFIER = "com.markuswind.anagram-challenge-ios";
				PRODUCT_NAME = "$(TARGET_NAME)";
				SWIFT_VERSION = 4.0;
				TARGETED_DEVICE_FAMILY = "1,2";
			};
			name = Debug;
		};
		801ABFCC1FCD6F4000441769 /* Release */ = {
			isa = XCBuildConfiguration;
			buildSettings = {
				ASSETCATALOG_COMPILER_APPICON_NAME = AppIcon;
				CODE_SIGN_STYLE = Automatic;
				INFOPLIST_FILE = "anagram-challenge-ios/Info.plist";
				LD_RUNPATH_SEARCH_PATHS = "$(inherited) @executable_path/Frameworks";
				PRODUCT_BUNDLE_IDENTIFIER = "com.markuswind.anagram-challenge-ios";
				PRODUCT_NAME = "$(TARGET_NAME)";
				SWIFT_VERSION = 4.0;
				TARGETED_DEVICE_FAMILY = "1,2";
			};
			name = Release;
		};
/* End XCBuildConfiguration section */

/* Begin XCConfigurationList section */
		801ABFB31FCD6F4000441769 /* Build configuration list for PBXProject "anagram-challenge-ios" */ = {
			isa = XCConfigurationList;
			buildConfigurations = (
				801ABFC81FCD6F4000441769 /* Debug */,
				801ABFC91FCD6F4000441769 /* Release */,
			);
			defaultConfigurationIsVisible = 0;
			defaultConfigurationName = Release;
		};
		801ABFCA1FCD6F4000441769 /* Build configuration list for PBXNativeTarget "anagram-challenge-ios" */ = {
			isa = XCConfigurationList;
			buildConfigurations = (
				801ABFCB1FCD6F4000441769 /* Debug */,
				801ABFCC1FCD6F4000441769 /* Release */,
			);
			defaultConfigurationIsVisible = 0;
			defaultConfigurationName = Release;
		};
/* End XCConfigurationList section */
	};
	rootObject = 801ABFB01FCD6F4000441769 /* Project object */;
}
